PODS:
  - CocoaLumberjack (2.2.0):
    - CocoaLumberjack/Default (= 2.2.0)
    - CocoaLumberjack/Extensions (= 2.2.0)
  - CocoaLumberjack/Core (2.2.0)
  - CocoaLumberjack/Default (2.2.0):
    - CocoaLumberjack/Core
  - CocoaLumberjack/Extensions (2.2.0):
    - CocoaLumberjack/Default
  - Warp (0.1.1):
    - CocoaLumberjack

DEPENDENCIES:
  - Warp (from `../`)

EXTERNAL SOURCES:
  Warp:
    :path: "../"

SPEC CHECKSUMS:
  CocoaLumberjack: 17fe8581f84914d5d7e6360f7c70022b173c3ae0
  Warp: c40c7553003f747944001056b94fbb0a613377be

COCOAPODS: 0.39.0
